<?xml version="1.0" encoding="utf-8"?>
<Project ToolsVersion="4.0" xmlns="http://schemas.microsoft.com/developer/msbuild/2003">
  <ItemGroup>
    <ClCompile Include="main.cpp" />
    <ClCompile Include="..\external\imgui-master\imgui.cpp">
      <Filter>ImGui</Filter>
    </ClCompile>
    <ClCompile Include="..\external\imgui-master\imgui_draw.cpp">
      <Filter>ImGui</Filter>
    </ClCompile>
    <ClCompile Include="..\external\imgui-master\imgui_widgets.cpp">
      <Filter>ImGui</Filter>
    </ClCompile>
    <ClCompile Include="..\external\imgui-sfml-master\imgui-SFML.cpp">
      <Filter>ImGui</Filter>
    </ClCompile>
    <ClCompile Include="..\external\imgui-master\imgui_demo.cpp">
      <Filter>ImGui</Filter>
    </ClCompile>
    <ClCompile Include="..\external\imgui-master\imgui_tables.cpp">
      <Filter>ImGui</Filter>
    </ClCompile>
    <ClCompile Include="Player.cpp" />
    <ClCompile Include="Obstacle.cpp" />
    <ClCompile Include="Game.cpp" />
    <ClCompile Include="Collectible.cpp" />
    <ClCompile Include="Item.cpp" />
    <ClCompile Include="GameEngine.cpp" />
    <ClCompile Include="UIManager.cpp" />
    <ClCompile Include="TimeManager.cpp" />
    <ClCompile Include="AudioManager.cpp" />
  </ItemGroup>
  <ItemGroup>
    <ClInclude Include="stdafx.h" />
    <ClInclude Include="..\external\imgui-master\imgui_internal.h">
      <Filter>ImGui</Filter>
    </ClInclude>
    <ClInclude Include="..\external\imgui-master\imgui.h">
      <Filter>ImGui</Filter>
    </ClInclude>
    <ClInclude Include="..\external\imgui-sfml-master\imgui-SFML.h">
      <Filter>ImGui</Filter>
    </ClInclude>
    <ClInclude Include="Player.h" />
    <ClInclude Include="Obstacle.h" />
    <ClInclude Include="Game.h" />
    <ClInclude Include="Collectible.h" />
    <ClInclude Include="Item.h" />
    <ClInclude Include="GameEngine.h" />
    <ClInclude Include="UIManager.h" />
    <ClInclude Include="TimeManager.h" />
    <ClInclude Include="AudioManager.h" />
  </ItemGroup>
  <ItemGroup>
    <Filter Include="ImGui">
      <UniqueIdentifier>{f630cd3c-1cea-471c-9a95-a35b86a8dd9e}</UniqueIdentifier>
    </Filter>
  </ItemGroup>
</Project>