<?xml version="1.0" encoding="utf-8"?>
<Project ToolsVersion="4.0" xmlns="http://schemas.microsoft.com/developer/msbuild/2003">
  <ItemGroup>
    <ClCompile Include="main.cpp" />
    <ClCompile Include="..\external\imgui-master\imgui.cpp">
      <Filter>ImGui</Filter>
    </ClCompile>
    <ClCompile Include="..\external\imgui-master\imgui_draw.cpp">
      <Filter>ImGui</Filter>
    </ClCompile>
    <ClCompile Include="..\external\imgui-master\imgui_widgets.cpp">
      <Filter>ImGui</Filter>
    </ClCompile>
    <ClCompile Include="..\external\imgui-sfml-master\imgui-SFML.cpp">
      <Filter>ImGui</Filter>
    </ClCompile>
    <ClCompile Include="..\external\imgui-master\imgui_demo.cpp">
      <Filter>ImGui</Filter>
    </ClCompile>
    <ClCompile Include="..\external\imgui-master\imgui_tables.cpp">
      <Filter>ImGui</Filter>
    </ClCompile>
    <ClCompile Include="GameEngine.cpp" />
    <ClCompile Include="AudioManager.cpp">
      <Filter>GameManager</Filter>
    </ClCompile>
    <ClCompile Include="GameManager.cpp">
      <Filter>GameManager</Filter>
    </ClCompile>
    <ClCompile Include="TimeManager.cpp">
      <Filter>GameManager</Filter>
    </ClCompile>
    <ClCompile Include="UIManager.cpp">
      <Filter>GameManager</Filter>
    </ClCompile>
    <ClCompile Include="Collectible.cpp">
      <Filter>Entities</Filter>
    </ClCompile>
    <ClCompile Include="Item.cpp">
      <Filter>Entities</Filter>
    </ClCompile>
    <ClCompile Include="Obstacle.cpp">
      <Filter>Entities</Filter>
    </ClCompile>
    <ClCompile Include="Player.cpp">
      <Filter>Entities</Filter>
    </ClCompile>
    <ClCompile Include="Config.cpp">
      <Filter>ExternalConfig</Filter>
    </ClCompile>
    <ClCompile Include="Game.cpp" />
    <ClCompile Include="AI.cpp" />
  </ItemGroup>
  <ItemGroup>
    <ClInclude Include="stdafx.h" />
    <ClInclude Include="..\external\imgui-master\imgui_internal.h">
      <Filter>ImGui</Filter>
    </ClInclude>
    <ClInclude Include="..\external\imgui-master\imgui.h">
      <Filter>ImGui</Filter>
    </ClInclude>
    <ClInclude Include="..\external\imgui-sfml-master\imgui-SFML.h">
      <Filter>ImGui</Filter>
    </ClInclude>
    <ClInclude Include="GameEngine.h" />
    <ClInclude Include="AudioManager.h">
      <Filter>GameManager</Filter>
    </ClInclude>
    <ClInclude Include="GameManager.h">
      <Filter>GameManager</Filter>
    </ClInclude>
    <ClInclude Include="TimeManager.h">
      <Filter>GameManager</Filter>
    </ClInclude>
    <ClInclude Include="UIManager.h">
      <Filter>GameManager</Filter>
    </ClInclude>
    <ClInclude Include="Collectible.h">
      <Filter>Entities</Filter>
    </ClInclude>
    <ClInclude Include="Item.h">
      <Filter>Entities</Filter>
    </ClInclude>
    <ClInclude Include="Obstacle.h">
      <Filter>Entities</Filter>
    </ClInclude>
    <ClInclude Include="Player.h">
      <Filter>Entities</Filter>
    </ClInclude>
    <ClInclude Include="Config.h">
      <Filter>ExternalConfig</Filter>
    </ClInclude>
    <ClInclude Include="Game.h" />
    <ClInclude Include="AI.h" />
    <ClInclude Include="ItemsStructure.h" />
  </ItemGroup>
  <ItemGroup>
    <Filter Include="ImGui">
      <UniqueIdentifier>{f630cd3c-1cea-471c-9a95-a35b86a8dd9e}</UniqueIdentifier>
    </Filter>
    <Filter Include="GameManager">
      <UniqueIdentifier>{7532f548-b854-4936-8210-824e56ef39fe}</UniqueIdentifier>
    </Filter>
    <Filter Include="Entities">
      <UniqueIdentifier>{8fb0de42-2c18-4985-8621-7cb3c2d800b0}</UniqueIdentifier>
    </Filter>
    <Filter Include="ExternalConfig">
      <UniqueIdentifier>{962de545-f08c-42c1-be8b-4989e4ba7521}</UniqueIdentifier>
    </Filter>
  </ItemGroup>
</Project>